
Microsoft Visual Studio Solution File, Format Version 12.00
# Visual Studio Version 17
VisualStudioVersion = 17.6.33829.357
MinimumVisualStudioVersion = 10.0.40219.1
Project("{FAE04EC0-301F-11D3-BF4B-00C04F79EFBC}") = "WebMart", "WebMart\WebMart.csproj", "{DE225409-813D-4616-A796-BC43E329FCE5}"
EndProject
Global
	GlobalSection(SolutionConfigurationPlatforms) = preSolution
		Debug|Any CPU = Debug|Any CPU
		Release|Any CPU = Release|Any CPU
	EndGlobalSection
	GlobalSection(ProjectConfigurationPlatforms) = postSolution
		{DE225409-813D-4616-A796-BC43E329FCE5}.Debug|Any CPU.ActiveCfg = Debug|Any CPU
		{DE225409-813D-4616-A796-BC43E329FCE5}.Debug|Any CPU.Build.0 = Debug|Any CPU
		{DE225409-813D-4616-A796-BC43E329FCE5}.Release|Any CPU.ActiveCfg = Release|Any CPU
		{DE225409-813D-4616-A796-BC43E329FCE5}.Release|Any CPU.Build.0 = Release|Any CPU
	EndGlobalSection
	GlobalSection(SolutionProperties) = preSolution
		HideSolutionNode = FALSE
	EndGlobalSection
	GlobalSection(ExtensibilityGlobals) = postSolution
		SolutionGuid = {0FABB2E1-5462-4684-851A-8B4606779C17}
	EndGlobalSection
EndGlobal
